
Microsoft Visual Studio Solution File, Format Version 12.00
# Visual Studio Version 17
VisualStudioVersion = 17.0.31903.59
MinimumVisualStudioVersion = 10.0.40219.1
Project("{FAE04EC0-301F-11D3-BF4B-00C04F79EFBC}") = "Domain", "Domain\Domain.csproj", "{E2F25A86-F366-4DEC-BC7A-635DCA2BEAC8}"
EndProject
Project("{FAE04EC0-301F-11D3-BF4B-00C04F79EFBC}") = "Application", "Application\Application.csproj", "{703FB19E-1C91-4818-9BF5-C9364BC59D08}"
EndProject
Project("{FAE04EC0-301F-11D3-BF4B-00C04F79EFBC}") = "Infrastructure", "Infrastructure\Infrastructure.csproj", "{B7881DA0-BFB9-4399-8997-5ADE7408F18B}"
EndProject
Project("{FAE04EC0-301F-11D3-BF4B-00C04F79EFBC}") = "Api", "Api\Api.csproj", "{089985DE-B19A-4234-BCF7-EA1B37263EAF}"
EndProject
Global
	GlobalSection(SolutionConfigurationPlatforms) = preSolution
		Debug|Any CPU = Debug|Any CPU
		Debug|x64 = Debug|x64
		Debug|x86 = Debug|x86
		Release|Any CPU = Release|Any CPU
		Release|x64 = Release|x64
		Release|x86 = Release|x86
	EndGlobalSection
	GlobalSection(ProjectConfigurationPlatforms) = postSolution
		{E2F25A86-F366-4DEC-BC7A-635DCA2BEAC8}.Debug|Any CPU.ActiveCfg = Debug|Any CPU
		{E2F25A86-F366-4DEC-BC7A-635DCA2BEAC8}.Debug|Any CPU.Build.0 = Debug|Any CPU
		{E2F25A86-F366-4DEC-BC7A-635DCA2BEAC8}.Debug|x64.ActiveCfg = Debug|Any CPU
		{E2F25A86-F366-4DEC-BC7A-635DCA2BEAC8}.Debug|x64.Build.0 = Debug|Any CPU
		{E2F25A86-F366-4DEC-BC7A-635DCA2BEAC8}.Debug|x86.ActiveCfg = Debug|Any CPU
		{E2F25A86-F366-4DEC-BC7A-635DCA2BEAC8}.Debug|x86.Build.0 = Debug|Any CPU
		{E2F25A86-F366-4DEC-BC7A-635DCA2BEAC8}.Release|Any CPU.ActiveCfg = Release|Any CPU
		{E2F25A86-F366-4DEC-BC7A-635DCA2BEAC8}.Release|Any CPU.Build.0 = Release|Any CPU
		{E2F25A86-F366-4DEC-BC7A-635DCA2BEAC8}.Release|x64.ActiveCfg = Release|Any CPU
		{E2F25A86-F366-4DEC-BC7A-635DCA2BEAC8}.Release|x64.Build.0 = Release|Any CPU
		{E2F25A86-F366-4DEC-BC7A-635DCA2BEAC8}.Release|x86.ActiveCfg = Release|Any CPU
		{E2F25A86-F366-4DEC-BC7A-635DCA2BEAC8}.Release|x86.Build.0 = Release|Any CPU
		{703FB19E-1C91-4818-9BF5-C9364BC59D08}.Debug|Any CPU.ActiveCfg = Debug|Any CPU
		{703FB19E-1C91-4818-9BF5-C9364BC59D08}.Debug|Any CPU.Build.0 = Debug|Any CPU
		{703FB19E-1C91-4818-9BF5-C9364BC59D08}.Debug|x64.ActiveCfg = Debug|Any CPU
		{703FB19E-1C91-4818-9BF5-C9364BC59D08}.Debug|x64.Build.0 = Debug|Any CPU
		{703FB19E-1C91-4818-9BF5-C9364BC59D08}.Debug|x86.ActiveCfg = Debug|Any CPU
		{703FB19E-1C91-4818-9BF5-C9364BC59D08}.Debug|x86.Build.0 = Debug|Any CPU
		{703FB19E-1C91-4818-9BF5-C9364BC59D08}.Release|Any CPU.ActiveCfg = Release|Any CPU
		{703FB19E-1C91-4818-9BF5-C9364BC59D08}.Release|Any CPU.Build.0 = Release|Any CPU
		{703FB19E-1C91-4818-9BF5-C9364BC59D08}.Release|x64.ActiveCfg = Release|Any CPU
		{703FB19E-1C91-4818-9BF5-C9364BC59D08}.Release|x64.Build.0 = Release|Any CPU
		{703FB19E-1C91-4818-9BF5-C9364BC59D08}.Release|x86.ActiveCfg = Release|Any CPU
		{703FB19E-1C91-4818-9BF5-C9364BC59D08}.Release|x86.Build.0 = Release|Any CPU
		{B7881DA0-BFB9-4399-8997-5ADE7408F18B}.Debug|Any CPU.ActiveCfg = Debug|Any CPU
		{B7881DA0-BFB9-4399-8997-5ADE7408F18B}.Debug|Any CPU.Build.0 = Debug|Any CPU
		{B7881DA0-BFB9-4399-8997-5ADE7408F18B}.Debug|x64.ActiveCfg = Debug|Any CPU
		{B7881DA0-BFB9-4399-8997-5ADE7408F18B}.Debug|x64.Build.0 = Debug|Any CPU
		{B7881DA0-BFB9-4399-8997-5ADE7408F18B}.Debug|x86.ActiveCfg = Debug|Any CPU
		{B7881DA0-BFB9-4399-8997-5ADE7408F18B}.Debug|x86.Build.0 = Debug|Any CPU
		{B7881DA0-BFB9-4399-8997-5ADE7408F18B}.Release|Any CPU.ActiveCfg = Release|Any CPU
		{B7881DA0-BFB9-4399-8997-5ADE7408F18B}.Release|Any CPU.Build.0 = Release|Any CPU
		{B7881DA0-BFB9-4399-8997-5ADE7408F18B}.Release|x64.ActiveCfg = Release|Any CPU
		{B7881DA0-BFB9-4399-8997-5ADE7408F18B}.Release|x64.Build.0 = Release|Any CPU
		{B7881DA0-BFB9-4399-8997-5ADE7408F18B}.Release|x86.ActiveCfg = Release|Any CPU
		{B7881DA0-BFB9-4399-8997-5ADE7408F18B}.Release|x86.Build.0 = Release|Any CPU
		{089985DE-B19A-4234-BCF7-EA1B37263EAF}.Debug|Any CPU.ActiveCfg = Debug|Any CPU
		{089985DE-B19A-4234-BCF7-EA1B37263EAF}.Debug|Any CPU.Build.0 = Debug|Any CPU
		{089985DE-B19A-4234-BCF7-EA1B37263EAF}.Debug|x64.ActiveCfg = Debug|Any CPU
		{089985DE-B19A-4234-BCF7-EA1B37263EAF}.Debug|x64.Build.0 = Debug|Any CPU
		{089985DE-B19A-4234-BCF7-EA1B37263EAF}.Debug|x86.ActiveCfg = Debug|Any CPU
		{089985DE-B19A-4234-BCF7-EA1B37263EAF}.Debug|x86.Build.0 = Debug|Any CPU
		{089985DE-B19A-4234-BCF7-EA1B37263EAF}.Release|Any CPU.ActiveCfg = Release|Any CPU
		{089985DE-B19A-4234-BCF7-EA1B37263EAF}.Release|Any CPU.Build.0 = Release|Any CPU
		{089985DE-B19A-4234-BCF7-EA1B37263EAF}.Release|x64.ActiveCfg = Release|Any CPU
		{089985DE-B19A-4234-BCF7-EA1B37263EAF}.Release|x64.Build.0 = Release|Any CPU
		{089985DE-B19A-4234-BCF7-EA1B37263EAF}.Release|x86.ActiveCfg = Release|Any CPU
		{089985DE-B19A-4234-BCF7-EA1B37263EAF}.Release|x86.Build.0 = Release|Any CPU
	EndGlobalSection
	GlobalSection(SolutionProperties) = preSolution
		HideSolutionNode = FALSE
	EndGlobalSection
EndGlobal
